
Microsoft Visual Studio Solution File, Format Version 12.00
# Visual Studio Version 17
VisualStudioVersion = 17.1.32407.343
MinimumVisualStudioVersion = 10.0.40219.1
Project("{FAE04EC0-301F-11D3-BF4B-00C04F79EFBC}") = "FactoryMethodVehicle", "FactoryMethodVehicle\FactoryMethodVehicle.csproj", "{0DE0DDC6-9E14-4BE7-AE2B-2F252AE28EC3}"
EndProject
Global
	GlobalSection(SolutionConfigurationPlatforms) = preSolution
		Debug|Any CPU = Debug|Any CPU
		Release|Any CPU = Release|Any CPU
	EndGlobalSection
	GlobalSection(ProjectConfigurationPlatforms) = postSolution
		{0DE0DDC6-9E14-4BE7-AE2B-2F252AE28EC3}.Debug|Any CPU.ActiveCfg = Debug|Any CPU
		{0DE0DDC6-9E14-4BE7-AE2B-2F252AE28EC3}.Debug|Any CPU.Build.0 = Debug|Any CPU
		{0DE0DDC6-9E14-4BE7-AE2B-2F252AE28EC3}.Release|Any CPU.ActiveCfg = Release|Any CPU
		{0DE0DDC6-9E14-4BE7-AE2B-2F252AE28EC3}.Release|Any CPU.Build.0 = Release|Any CPU
	EndGlobalSection
	GlobalSection(SolutionProperties) = preSolution
		HideSolutionNode = FALSE
	EndGlobalSection
	GlobalSection(ExtensibilityGlobals) = postSolution
		SolutionGuid = {08F8854E-4BD2-465B-9F96-30750FB93E3F}
	EndGlobalSection
EndGlobal
